github.com/zflbigbang/fastz v0.0.0-20240317033916-e7d2e25c49bf h1:HpdFCcwvQYPiHtqDiZ0Vwy/5+zTkNvzyJvtcOhPOtY8=
github.com/zflbigbang/fastz v0.0.0-20240317033916-e7d2e25c49bf/go.mod h1:LA6NRvkbT6ksruG9PJSv4yEAgdbppWuPgWHOipuEBJM=
github.com/zflbigbang/fastz v0.0.0-20240317040821-faa6f5484fca h1:9EMEAKAswljN7G0JbdrlKmD8FwxVMl+U6DeGFhqT4BI=
github.com/zflbigbang/fastz v0.0.0-20240317040821-faa6f5484fca/go.mod h1:LA6NRvkbT6ksruG9PJSv4yEAgdbppWuPgWHOipuEBJM=
